
Microsoft Visual Studio Solution File, Format Version 12.00
# Visual Studio Version 16
VisualStudioVersion = 16.0.33027.164
MinimumVisualStudioVersion = 10.0.40219.1
Project("{FAE04EC0-301F-11D3-BF4B-00C04F79EFBC}") = "aula01", "aula01\aula01.csproj", "{DA67C2DB-2412-4743-9ABB-BA1CDC045C05}"
EndProject
Global
	GlobalSection(SolutionConfigurationPlatforms) = preSolution
		Debug|Any CPU = Debug|Any CPU
		Release|Any CPU = Release|Any CPU
	EndGlobalSection
	GlobalSection(ProjectConfigurationPlatforms) = postSolution
		{DA67C2DB-2412-4743-9ABB-BA1CDC045C05}.Debug|Any CPU.ActiveCfg = Debug|Any CPU
		{DA67C2DB-2412-4743-9ABB-BA1CDC045C05}.Debug|Any CPU.Build.0 = Debug|Any CPU
		{DA67C2DB-2412-4743-9ABB-BA1CDC045C05}.Release|Any CPU.ActiveCfg = Release|Any CPU
		{DA67C2DB-2412-4743-9ABB-BA1CDC045C05}.Release|Any CPU.Build.0 = Release|Any CPU
	EndGlobalSection
	GlobalSection(SolutionProperties) = preSolution
		HideSolutionNode = FALSE
	EndGlobalSection
	GlobalSection(ExtensibilityGlobals) = postSolution
		SolutionGuid = {D42B81B9-93E3-4B43-9998-19FBD94A66F1}
	EndGlobalSection
EndGlobal
